
Microsoft Visual Studio Solution File, Format Version 12.00
# Visual Studio 15
VisualStudioVersion = 15.0.27130.0
MinimumVisualStudioVersion = 10.0.40219.1
Project("{FAE04EC0-301F-11D3-BF4B-00C04F79EFBC}") = "Shop", "Shop\Shop.csproj", "{19371EA4-0746-432D-AB0C-639EDC8CD507}"
EndProject
Global
	GlobalSection(SolutionConfigurationPlatforms) = preSolution
		Debug|Any CPU = Debug|Any CPU
		Release|Any CPU = Release|Any CPU
	EndGlobalSection
	GlobalSection(ProjectConfigurationPlatforms) = postSolution
		{19371EA4-0746-432D-AB0C-639EDC8CD507}.Debug|Any CPU.ActiveCfg = Debug|Any CPU
		{19371EA4-0746-432D-AB0C-639EDC8CD507}.Debug|Any CPU.Build.0 = Debug|Any CPU
		{19371EA4-0746-432D-AB0C-639EDC8CD507}.Release|Any CPU.ActiveCfg = Release|Any CPU
		{19371EA4-0746-432D-AB0C-639EDC8CD507}.Release|Any CPU.Build.0 = Release|Any CPU
	EndGlobalSection
	GlobalSection(SolutionProperties) = preSolution
		HideSolutionNode = FALSE
	EndGlobalSection
	GlobalSection(ExtensibilityGlobals) = postSolution
		SolutionGuid = {400D4039-E467-4EDE-8138-EEDD48E9AAE3}
	EndGlobalSection
EndGlobal
